
Microsoft Visual Studio Solution File, Format Version 12.00
# Visual Studio Version 17
VisualStudioVersion = 17.3.32901.215
MinimumVisualStudioVersion = 10.0.40219.1
Project("{FAE04EC0-301F-11D3-BF4B-00C04F79EFBC}") = "DataAccessProject", "DataAccessProject\DataAccessProject.csproj", "{17BF5CC0-B134-4D01-BE99-4931640E80BC}"
EndProject
Global
	GlobalSection(SolutionConfigurationPlatforms) = preSolution
		Debug|Any CPU = Debug|Any CPU
		Release|Any CPU = Release|Any CPU
	EndGlobalSection
	GlobalSection(ProjectConfigurationPlatforms) = postSolution
		{17BF5CC0-B134-4D01-BE99-4931640E80BC}.Debug|Any CPU.ActiveCfg = Debug|Any CPU
		{17BF5CC0-B134-4D01-BE99-4931640E80BC}.Debug|Any CPU.Build.0 = Debug|Any CPU
		{17BF5CC0-B134-4D01-BE99-4931640E80BC}.Release|Any CPU.ActiveCfg = Release|Any CPU
		{17BF5CC0-B134-4D01-BE99-4931640E80BC}.Release|Any CPU.Build.0 = Release|Any CPU
	EndGlobalSection
	GlobalSection(SolutionProperties) = preSolution
		HideSolutionNode = FALSE
	EndGlobalSection
	GlobalSection(ExtensibilityGlobals) = postSolution
		SolutionGuid = {41F9B301-035B-40CD-BC2D-91C63A84C542}
	EndGlobalSection
EndGlobal
