
Microsoft Visual Studio Solution File, Format Version 12.00
# Visual Studio Version 17
VisualStudioVersion = 17.4.33110.190
MinimumVisualStudioVersion = 10.0.40219.1
Project("{FAE04EC0-301F-11D3-BF4B-00C04F79EFBC}") = "Ado.net", "Ado.net\Ado.net.csproj", "{2445E18D-DC09-4CF6-9A75-D6D120440631}"
EndProject
Project("{FAE04EC0-301F-11D3-BF4B-00C04F79EFBC}") = "Dapper", "Dapper\Dapper.csproj", "{457F4228-6460-46E8-A15C-98D306CA5643}"
EndProject
Global
	GlobalSection(SolutionConfigurationPlatforms) = preSolution
		Debug|Any CPU = Debug|Any CPU
		Release|Any CPU = Release|Any CPU
	EndGlobalSection
	GlobalSection(ProjectConfigurationPlatforms) = postSolution
		{2445E18D-DC09-4CF6-9A75-D6D120440631}.Debug|Any CPU.ActiveCfg = Debug|Any CPU
		{2445E18D-DC09-4CF6-9A75-D6D120440631}.Debug|Any CPU.Build.0 = Debug|Any CPU
		{2445E18D-DC09-4CF6-9A75-D6D120440631}.Release|Any CPU.ActiveCfg = Release|Any CPU
		{2445E18D-DC09-4CF6-9A75-D6D120440631}.Release|Any CPU.Build.0 = Release|Any CPU
		{457F4228-6460-46E8-A15C-98D306CA5643}.Debug|Any CPU.ActiveCfg = Debug|Any CPU
		{457F4228-6460-46E8-A15C-98D306CA5643}.Debug|Any CPU.Build.0 = Debug|Any CPU
		{457F4228-6460-46E8-A15C-98D306CA5643}.Release|Any CPU.ActiveCfg = Release|Any CPU
		{457F4228-6460-46E8-A15C-98D306CA5643}.Release|Any CPU.Build.0 = Release|Any CPU
	EndGlobalSection
	GlobalSection(SolutionProperties) = preSolution
		HideSolutionNode = FALSE
	EndGlobalSection
	GlobalSection(ExtensibilityGlobals) = postSolution
		SolutionGuid = {EF302E78-B018-4927-AF15-BC9E0A7A0EAC}
	EndGlobalSection
EndGlobal
